
Microsoft Visual Studio Solution File, Format Version 12.00
# Visual Studio Version 16
VisualStudioVersion = 16.0.30413.136
MinimumVisualStudioVersion = 10.0.40219.1
Project("{FAE04EC0-301F-11D3-BF4B-00C04F79EFBC}") = "TestSite", "TestSite\TestSite.csproj", "{87ED43D0-3710-495A-9691-8B2D3EA3AD98}"
EndProject
Project("{FAE04EC0-301F-11D3-BF4B-00C04F79EFBC}") = "Our.Umbraco.MaskBackoffice", "Our.Umbraco.MaskBackoffice\Our.Umbraco.MaskBackoffice.csproj", "{7417195B-A433-435F-96C1-5537E6E58861}"
EndProject
Global
	GlobalSection(SolutionConfigurationPlatforms) = preSolution
		Debug|Any CPU = Debug|Any CPU
		Release|Any CPU = Release|Any CPU
	EndGlobalSection
	GlobalSection(ProjectConfigurationPlatforms) = postSolution
		{87ED43D0-3710-495A-9691-8B2D3EA3AD98}.Debug|Any CPU.ActiveCfg = Debug|Any CPU
		{87ED43D0-3710-495A-9691-8B2D3EA3AD98}.Debug|Any CPU.Build.0 = Debug|Any CPU
		{87ED43D0-3710-495A-9691-8B2D3EA3AD98}.Release|Any CPU.ActiveCfg = Release|Any CPU
		{87ED43D0-3710-495A-9691-8B2D3EA3AD98}.Release|Any CPU.Build.0 = Release|Any CPU
		{7417195B-A433-435F-96C1-5537E6E58861}.Debug|Any CPU.ActiveCfg = Debug|Any CPU
		{7417195B-A433-435F-96C1-5537E6E58861}.Debug|Any CPU.Build.0 = Debug|Any CPU
		{7417195B-A433-435F-96C1-5537E6E58861}.Release|Any CPU.ActiveCfg = Release|Any CPU
		{7417195B-A433-435F-96C1-5537E6E58861}.Release|Any CPU.Build.0 = Release|Any CPU
	EndGlobalSection
	GlobalSection(SolutionProperties) = preSolution
		HideSolutionNode = FALSE
	EndGlobalSection
	GlobalSection(ExtensibilityGlobals) = postSolution
		SolutionGuid = {DD12ADF8-FCBD-4DD9-95EA-53182F7764EC}
	EndGlobalSection
EndGlobal
